
Microsoft Visual Studio Solution File, Format Version 12.00
# Visual Studio Version 16
VisualStudioVersion = 16.0.31624.102
MinimumVisualStudioVersion = 10.0.40219.1
Project("{FAE04EC0-301F-11D3-BF4B-00C04F79EFBC}") = "yanovych_back", "yanovych_back\yanovych_back.csproj", "{133EBA07-DE36-462E-BDFA-DCD4E75CC507}"
EndProject
Global
	GlobalSection(SolutionConfigurationPlatforms) = preSolution
		Debug|Any CPU = Debug|Any CPU
		Release|Any CPU = Release|Any CPU
	EndGlobalSection
	GlobalSection(ProjectConfigurationPlatforms) = postSolution
		{133EBA07-DE36-462E-BDFA-DCD4E75CC507}.Debug|Any CPU.ActiveCfg = Debug|Any CPU
		{133EBA07-DE36-462E-BDFA-DCD4E75CC507}.Debug|Any CPU.Build.0 = Debug|Any CPU
		{133EBA07-DE36-462E-BDFA-DCD4E75CC507}.Release|Any CPU.ActiveCfg = Release|Any CPU
		{133EBA07-DE36-462E-BDFA-DCD4E75CC507}.Release|Any CPU.Build.0 = Release|Any CPU
	EndGlobalSection
	GlobalSection(SolutionProperties) = preSolution
		HideSolutionNode = FALSE
	EndGlobalSection
	GlobalSection(ExtensibilityGlobals) = postSolution
		SolutionGuid = {A83A3AF3-3896-484F-A71A-31477C5FEC3A}
	EndGlobalSection
EndGlobal
